<?xml version="1.0" encoding="utf-8"?>
<Project ToolsVersion="4.0" xmlns="http://schemas.microsoft.com/developer/msbuild/2003">
  <ItemGroup>
    <Filter Include="Source Files">
      <UniqueIdentifier>{4FC737F1-C7A5-4376-A066-2A32D752A2FF}</UniqueIdentifier>
      <Extensions>cpp;c;cc;cxx;def;odl;idl;hpj;bat;asm;asmx</Extensions>
    </Filter>
    <Filter Include="Header Files">
      <UniqueIdentifier>{93995380-89BD-4b04-88EB-625FBE52EBFB}</UniqueIdentifier>
      <Extensions>h;hh;hpp;hxx;hm;inl;inc;xsd</Extensions>
    </Filter>
    <Filter Include="Resource Files">
      <UniqueIdentifier>{67DA6AB6-F800-4c08-8B7A-83BB121AAD01}</UniqueIdentifier>
      <Extensions>rc;ico;cur;bmp;dlg;rc2;rct;bin;rgs;gif;jpg;jpeg;jpe;resx;tiff;tif;png;wav;mfcribbon-ms</Extensions>
    </Filter>
  </ItemGroup>
  <ItemGroup>
    <Text Include="ReadMe.txt" />
  </ItemGroup>
  <ItemGroup>
    <ClInclude Include="stdafx.h">
      <Filter>Header Files</Filter>
    </ClInclude>
    <ClInclude Include="targetver.h">
      <Filter>Header Files</Filter>
    </ClInclude>
    <ClInclude Include="Resource.h">
      <Filter>Header Files</Filter>
    </ClInclude>
    <ClInclude Include="App.h">
      <Filter>Header Files</Filter>
    </ClInclude>
    <ClInclude Include="Dbconn.h">
      <Filter>Header Files</Filter>
    </ClInclude>
    <ClInclude Include="Mainfrm.h">
      <Filter>Header Files</Filter>
    </ClInclude>
    <ClInclude Include="View.h">
      <Filter>Header Files</Filter>
    </ClInclude>
    <ClInclude Include="DlgArticoli.h">
      <Filter>Header Files</Filter>
    </ClInclude>
    <ClInclude Include="zeegrid.h">
      <Filter>Header Files</Filter>
    </ClInclude>
    <ClInclude Include="CZeeGrid.h">
      <Filter>Header Files</Filter>
    </ClInclude>
    <ClInclude Include="GridArticoli.h">
      <Filter>Header Files</Filter>
    </ClInclude>
    <ClInclude Include="dbsettings.h">
      <Filter>Header Files</Filter>
    </ClInclude>
    <ClInclude Include="wc_to_mb.h">
      <Filter>Header Files</Filter>
    </ClInclude>
    <ClInclude Include="dlgsettings.h">
      <Filter>Header Files</Filter>
    </ClInclude>
    <ClInclude Include="ipaddress.h">
      <Filter>Header Files</Filter>
    </ClInclude>
    <ClInclude Include="articolo.h">
      <Filter>Header Files</Filter>
    </ClInclude>
    <ClInclude Include="dlgordine.h">
      <Filter>Header Files</Filter>
    </ClInclude>
    <ClInclude Include="artdao.h">
      <Filter>Header Files</Filter>
    </ClInclude>
    <ClInclude Include="gui.h">
      <Filter>Header Files</Filter>
    </ClInclude>
    <ClInclude Include="dlgsceltaarticolo.h">
      <Filter>Header Files</Filter>
    </ClInclude>
    <ClInclude Include="ordine.h">
      <Filter>Header Files</Filter>
    </ClInclude>
    <ClInclude Include="gridvociordine.h">
      <Filter>Header Files</Filter>
    </ClInclude>
  </ItemGroup>
  <ItemGroup>
    <ClCompile Include="stdafx.cpp">
      <Filter>Source Files</Filter>
    </ClCompile>
    <ClCompile Include="Dbconn.cpp">
      <Filter>Source Files</Filter>
    </ClCompile>
    <ClCompile Include="App.cpp">
      <Filter>Source Files</Filter>
    </ClCompile>
    <ClCompile Include="Mainfrm.cpp">
      <Filter>Source Files</Filter>
    </ClCompile>
    <ClCompile Include="main.cpp">
      <Filter>Source Files</Filter>
    </ClCompile>
    <ClCompile Include="View.cpp">
      <Filter>Source Files</Filter>
    </ClCompile>
    <ClCompile Include="DlgArticoli.cpp">
      <Filter>Source Files</Filter>
    </ClCompile>
    <ClCompile Include="CZeeGrid.cpp">
      <Filter>Source Files</Filter>
    </ClCompile>
    <ClCompile Include="GridArticoli.cpp">
      <Filter>Source Files</Filter>
    </ClCompile>
    <ClCompile Include="dbsettings.cpp">
      <Filter>Source Files</Filter>
    </ClCompile>
    <ClCompile Include="wc_to_mb.cpp">
      <Filter>Source Files</Filter>
    </ClCompile>
    <ClCompile Include="dlgsettings.cpp">
      <Filter>Source Files</Filter>
    </ClCompile>
    <ClCompile Include="ipaddress.cpp">
      <Filter>Source Files</Filter>
    </ClCompile>
    <ClCompile Include="articolo.cpp">
      <Filter>Source Files</Filter>
    </ClCompile>
    <ClCompile Include="dlgordine.cpp">
      <Filter>Source Files</Filter>
    </ClCompile>
    <ClCompile Include="artdao.cpp">
      <Filter>Source Files</Filter>
    </ClCompile>
    <ClCompile Include="gui.cpp">
      <Filter>Source Files</Filter>
    </ClCompile>
    <ClCompile Include="dlgsceltaarticolo.cpp">
      <Filter>Source Files</Filter>
    </ClCompile>
    <ClCompile Include="ordine.cpp">
      <Filter>Source Files</Filter>
    </ClCompile>
    <ClCompile Include="gridvociordine.cpp">
      <Filter>Source Files</Filter>
    </ClCompile>
  </ItemGroup>
  <ItemGroup>
    <ResourceCompile Include="Cohiba.rc">
      <Filter>Resource Files</Filter>
    </ResourceCompile>
  </ItemGroup>
  <ItemGroup>
    <Image Include="small.ico">
      <Filter>Resource Files</Filter>
    </Image>
    <Image Include="res\cohiba.ico">
      <Filter>Resource Files</Filter>
    </Image>
    <Image Include="Cohiba.ico">
      <Filter>Resource Files</Filter>
    </Image>
  </ItemGroup>
  <ItemGroup>
    <Manifest Include="res\Win32++.manifest">
      <Filter>Resource Files</Filter>
    </Manifest>
  </ItemGroup>
</Project>